
Microsoft Visual Studio Solution File, Format Version 12.00
# Visual Studio 15
VisualStudioVersion = 15.0.27130.2010
MinimumVisualStudioVersion = 10.0.40219.1
Project("{FAE04EC0-301F-11D3-BF4B-00C04F79EFBC}") = "InformationSecurityLab1", "InformationSecurityLab1\InformationSecurityLab1.csproj", "{20724CB8-9368-4C67-9C86-B3563FDE3986}"
EndProject
Global
	GlobalSection(SolutionConfigurationPlatforms) = preSolution
		Debug|Any CPU = Debug|Any CPU
		Release|Any CPU = Release|Any CPU
	EndGlobalSection
	GlobalSection(ProjectConfigurationPlatforms) = postSolution
		{20724CB8-9368-4C67-9C86-B3563FDE3986}.Debug|Any CPU.ActiveCfg = Debug|Any CPU
		{20724CB8-9368-4C67-9C86-B3563FDE3986}.Debug|Any CPU.Build.0 = Debug|Any CPU
		{20724CB8-9368-4C67-9C86-B3563FDE3986}.Release|Any CPU.ActiveCfg = Release|Any CPU
		{20724CB8-9368-4C67-9C86-B3563FDE3986}.Release|Any CPU.Build.0 = Release|Any CPU
	EndGlobalSection
	GlobalSection(SolutionProperties) = preSolution
		HideSolutionNode = FALSE
	EndGlobalSection
	GlobalSection(ExtensibilityGlobals) = postSolution
		SolutionGuid = {4A483A34-3134-4A31-B6C2-6A916D1593F1}
	EndGlobalSection
EndGlobal
